
Microsoft Visual Studio Solution File, Format Version 12.00
# Visual Studio Version 16
VisualStudioVersion = 16.0.29306.81
MinimumVisualStudioVersion = 10.0.40219.1
Project("{8BC9CEB8-8B4A-11D0-8D11-00A0C91BC942}") = "Practica1segundoparcialPOO", "Practica1segundoparcialPOO.vcxproj", "{1FF47757-60D2-4562-8A51-FA3655032CD2}"
EndProject
Global
	GlobalSection(SolutionConfigurationPlatforms) = preSolution
		Debug|x64 = Debug|x64
		Debug|x86 = Debug|x86
		Release|x64 = Release|x64
		Release|x86 = Release|x86
	EndGlobalSection
	GlobalSection(ProjectConfigurationPlatforms) = postSolution
		{1FF47757-60D2-4562-8A51-FA3655032CD2}.Debug|x64.ActiveCfg = Debug|x64
		{1FF47757-60D2-4562-8A51-FA3655032CD2}.Debug|x64.Build.0 = Debug|x64
		{1FF47757-60D2-4562-8A51-FA3655032CD2}.Debug|x86.ActiveCfg = Debug|Win32
		{1FF47757-60D2-4562-8A51-FA3655032CD2}.Debug|x86.Build.0 = Debug|Win32
		{1FF47757-60D2-4562-8A51-FA3655032CD2}.Release|x64.ActiveCfg = Release|x64
		{1FF47757-60D2-4562-8A51-FA3655032CD2}.Release|x64.Build.0 = Release|x64
		{1FF47757-60D2-4562-8A51-FA3655032CD2}.Release|x86.ActiveCfg = Release|Win32
		{1FF47757-60D2-4562-8A51-FA3655032CD2}.Release|x86.Build.0 = Release|Win32
	EndGlobalSection
	GlobalSection(SolutionProperties) = preSolution
		HideSolutionNode = FALSE
	EndGlobalSection
	GlobalSection(ExtensibilityGlobals) = postSolution
		SolutionGuid = {2293DCD9-1D90-4E88-A900-A875C4151AB5}
	EndGlobalSection
EndGlobal
